{
  "nodes": {
    "nixpkgs": {
      "locked": {
        "lastModified": 1628268505,
        "narHash": "sha256-kzsFOEqEW8CMXsOiI2kQn4txQ/f/qopfd44Ai0iYXbQ=",
        "owner": "NixOS",
        "repo": "nixpkgs",
        "rev": "a086eafd41e09fd29850fd5368f96379cc88fb84",
        "type": "github"
      },
      "original": {
        "id": "nixpkgs",
        "type": "indirect"
      }
    },
    "root": {
      "inputs": {
        "nixpkgs": "nixpkgs"
      }
    }
  },
  "root": "root",
  "version": 7
}
